{
  "name": "anygen-selected-skills",
  "version": "1.0.0",
  "lockfileVersion": 3,
  "requires": true,
  "packages": {
    "": {
      "name": "anygen-selected-skills",
      "version": "1.0.0",
      "license": "ISC",
      "dependencies": {
        "clawhub-scanner": "^1.0.0"
      }
    },
    "node_modules/clawhub-scanner": {
      "version": "1.0.0",
      "resolved": "https://registry.npmjs.org/clawhub-scanner/-/clawhub-scanner-1.0.0.tgz",
      "integrity": "sha512-dZFj9565OBaS046x0l0KTgk1KxA7e5AXGFODZjBg4Hgv6XXpYWOoKx1Jnt+h40YGvqiuC993FxEnP91CgMtJTQ==",
      "license": "MIT",
      "bin": {
        "clawhub-scan": "bin/clawhub-scan.mjs",
        "clawhub-scanner": "bin/clawhub-scan.mjs"
      },
      "engines": {
        "node": ">=18.0.0"
      }
    }
  }
}
